schema: '2.0'
stages:
  data_ingestion:
    cmd: python3 src/data_ingestion.py
    deps:
    - path: src/data_ingestion.py
      hash: md5
      md5: 414f955f7cfe07ad82ab7a99bee5e444
      size: 3538
    params:
      params.yaml:
        data_ingestion.test_size: 0.2
    outs:
    - path: data/raw
      hash: md5
      md5: 6a4d11ab83c20d7412f4696595c0b4d1.dir
      size: 479272
      nfiles: 2
  data_preprocessing:
    cmd: python3 src/data_preprocessing.py
    deps:
    - path: data/raw
      hash: md5
      md5: 6a4d11ab83c20d7412f4696595c0b4d1.dir
      size: 479272
      nfiles: 2
    - path: src/data_preprocessing.py
      hash: md5
      md5: 158130fa3ada2ed96ada460b539d42e9
      size: 3864
    outs:
    - path: data/interim
      hash: md5
      md5: d3f80ea917209a657caed01201ee2780.dir
      size: 254818
      nfiles: 2
  feature_engineering:
    cmd: python3 src/feature_engineering.py
    deps:
    - path: data/interim
      hash: md5
      md5: d3f80ea917209a657caed01201ee2780.dir
      size: 254818
      nfiles: 2
    - path: src/feature_engineering.py
      hash: md5
      md5: a1bd436b047430cde787d5023327453b
      size: 3798
    params:
      params.yaml:
        feature_engineering.max_features: 60
    outs:
    - path: data/processed
      hash: md5
      md5: 25f00739f6a0e3d4c44e34becb65c9c6.dir
      size: 1402019
      nfiles: 2
  model_building:
    cmd: python3 src/model_building.py
    deps:
    - path: data/processed
      hash: md5
      md5: 25f00739f6a0e3d4c44e34becb65c9c6.dir
      size: 1402019
      nfiles: 2
    - path: src/model_building.py
      hash: md5
      md5: d4584f773f551c1ab09a09351c21bdd5
      size: 3722
    params:
      params.yaml:
        model_building.n_estimators: 30
        model_building.random_state: 2
    outs:
    - path: models/model.pkl
      hash: md5
      md5: 290068163260d19ab21e6c1a9b306728
      size: 1139339
  model_evaluation:
    cmd: python3 src/model_evaluation.py
    deps:
    - path: models/model.pkl
      hash: md5
      md5: 290068163260d19ab21e6c1a9b306728
      size: 1139339
    - path: src/model_evaluation.py
      hash: md5
      md5: 1ad572ebdb72ac19119d2ec76ae1f28d
      size: 4463
    outs:
    - path: reports/metrics.json
      hash: md5
      md5: 1e1c3cf8abc8702a2efb98b39d79a5d0
      size: 140
